# This file is autogenerated, do not edit; changes may be undone by the next 'dep ensure'.


[[projects]]
  branch = "develop"
  name = "github.com/bwmarrin/discordgo"
  packages = ["."]
  revision = "7bb0965a6ff435b2587c2a4c50e3a0fedbf9325b"

[[projects]]
  name = "github.com/gorilla/websocket"
  packages = ["."]
  revision = "ea4d1f681babbce9545c9c5f3d5194a789c89f5b"
  version = "v1.2.0"

[[projects]]
  branch = "master"
  name = "github.com/nlopes/slack"
  packages = ["."]
  revision = "ca8436d76f805ec1e682eaae2de3c3a9bc894b0f"

[[projects]]
  branch = "master"
  name = "golang.org/x/crypto"
  packages = ["nacl/secretbox","poly1305","salsa20/salsa"]
  revision = "6914964337150723782436d56b3f21610a74ce7b"

[[projects]]
  branch = "master"
  name = "golang.org/x/net"
  packages = ["websocket"]
  revision = "ab5485076ff3407ad2d02db054635913f017b0ed"

[solve-meta]
  analyzer-name = "dep"
  analyzer-version = 1
  inputs-digest = "e775780b99b215749d3aefc495625ff7df852322b5b1a49bd2cfe8ef6cf34615"
  solver-name = "gps-cdcl"
  solver-version = 1
