# This file is autogenerated, do not edit; changes may be undone by the next 'dep ensure'.


[[projects]]
  branch = "develop"
  name = "code.lukas.moe/x/discordgo"
  packages = ["."]
  revision = "9c94ca9448aa87f7ab51057d080744bec31a2948"

[[projects]]
  name = "github.com/gorilla/websocket"
  packages = ["."]
  revision = "ea4d1f681babbce9545c9c5f3d5194a789c89f5b"
  version = "v1.2.0"

[[projects]]
  branch = "master"
  name = "golang.org/x/crypto"
  packages = ["nacl/secretbox","poly1305","salsa20/salsa"]
  revision = "76eec36fa14229c4b25bb894c2d0e591527af429"

[solve-meta]
  analyzer-name = "dep"
  analyzer-version = 1
  inputs-digest = "18e51eaae527873cd038a3ff6e4e41d37a7e45daf399333e64afda99ac299a5f"
  solver-name = "gps-cdcl"
  solver-version = 1
